
Microsoft Visual Studio Solution File, Format Version 12.00
# Visual Studio 15
VisualStudioVersion = 15.0.27428.2005
MinimumVisualStudioVersion = 10.0.40219.1
Project("{FAE04EC0-301F-11D3-BF4B-00C04F79EFBC}") = "SeleniumAutomationDemoQA", "SeleniumAutomationDemoQA\SeleniumAutomationDemoQA.csproj", "{24C870F1-417E-4930-88F1-D19F93371D19}"
EndProject
Global
	GlobalSection(SolutionConfigurationPlatforms) = preSolution
		Debug|Any CPU = Debug|Any CPU
		Release|Any CPU = Release|Any CPU
	EndGlobalSection
	GlobalSection(ProjectConfigurationPlatforms) = postSolution
		{24C870F1-417E-4930-88F1-D19F93371D19}.Debug|Any CPU.ActiveCfg = Debug|Any CPU
		{24C870F1-417E-4930-88F1-D19F93371D19}.Debug|Any CPU.Build.0 = Debug|Any CPU
		{24C870F1-417E-4930-88F1-D19F93371D19}.Release|Any CPU.ActiveCfg = Release|Any CPU
		{24C870F1-417E-4930-88F1-D19F93371D19}.Release|Any CPU.Build.0 = Release|Any CPU
	EndGlobalSection
	GlobalSection(SolutionProperties) = preSolution
		HideSolutionNode = FALSE
	EndGlobalSection
	GlobalSection(ExtensibilityGlobals) = postSolution
		SolutionGuid = {673D2BEE-0D96-4B35-BBD8-B1ADBEC084E1}
	EndGlobalSection
EndGlobal
